
Microsoft Visual Studio Solution File, Format Version 12.00
# Visual Studio 15
VisualStudioVersion = 15.0.28307.1000
MinimumVisualStudioVersion = 10.0.40219.1
Project("{FAE04EC0-301F-11D3-BF4B-00C04F79EFBC}") = "CisTestRepo", "CisTestRepo\CisTestRepo.csproj", "{840B0FC6-74EF-4D56-A0DB-8BB52EE0548D}"
EndProject
Global
	GlobalSection(SolutionConfigurationPlatforms) = preSolution
		Debug|Any CPU = Debug|Any CPU
		Release|Any CPU = Release|Any CPU
	EndGlobalSection
	GlobalSection(ProjectConfigurationPlatforms) = postSolution
		{840B0FC6-74EF-4D56-A0DB-8BB52EE0548D}.Debug|Any CPU.ActiveCfg = Debug|Any CPU
		{840B0FC6-74EF-4D56-A0DB-8BB52EE0548D}.Debug|Any CPU.Build.0 = Debug|Any CPU
		{840B0FC6-74EF-4D56-A0DB-8BB52EE0548D}.Release|Any CPU.ActiveCfg = Release|Any CPU
		{840B0FC6-74EF-4D56-A0DB-8BB52EE0548D}.Release|Any CPU.Build.0 = Release|Any CPU
	EndGlobalSection
	GlobalSection(SolutionProperties) = preSolution
		HideSolutionNode = FALSE
	EndGlobalSection
	GlobalSection(ExtensibilityGlobals) = postSolution
		SolutionGuid = {9AF9676B-60F9-4666-8C2A-C68A4C0D2A1A}
	EndGlobalSection
EndGlobal
